
Microsoft Visual Studio Solution File, Format Version 12.00
# Visual Studio 15
VisualStudioVersion = 15.0.27004.2009
MinimumVisualStudioVersion = 10.0.40219.1
Project("{FAE04EC0-301F-11D3-BF4B-00C04F79EFBC}") = "UTN", "UTN\UTN.csproj", "{7ED0A962-FAD6-4BC9-9576-783D97950773}"
EndProject
Global
	GlobalSection(SolutionConfigurationPlatforms) = preSolution
		Debug|Any CPU = Debug|Any CPU
		Release|Any CPU = Release|Any CPU
	EndGlobalSection
	GlobalSection(ProjectConfigurationPlatforms) = postSolution
		{7ED0A962-FAD6-4BC9-9576-783D97950773}.Debug|Any CPU.ActiveCfg = Debug|Any CPU
		{7ED0A962-FAD6-4BC9-9576-783D97950773}.Debug|Any CPU.Build.0 = Debug|Any CPU
		{7ED0A962-FAD6-4BC9-9576-783D97950773}.Release|Any CPU.ActiveCfg = Release|Any CPU
		{7ED0A962-FAD6-4BC9-9576-783D97950773}.Release|Any CPU.Build.0 = Release|Any CPU
	EndGlobalSection
	GlobalSection(SolutionProperties) = preSolution
		HideSolutionNode = FALSE
	EndGlobalSection
	GlobalSection(ExtensibilityGlobals) = postSolution
		SolutionGuid = {DCC851AF-658E-44C2-90B1-5D1632D31726}
	EndGlobalSection
EndGlobal
